<Solution>
  <Project Path="../../../../../../source/repos/sprint1/Application/Application.csproj" />
  <Project Path="../../../../../../source/repos/sprint1/Domain/Domain.csproj" />
  <Project Path="../../../../../../source/repos/sprint1/EventService.Tests/EventService.Tests.csproj" />
  <Project Path="../../../../../../source/repos/sprint1/Infrastructure/Infrastructure.csproj" />
  <Project Path="../../../../../../source/repos/sprint1/Presentation/Presentation.csproj" />
</Solution>
